lockVersion: 2.0.0
id: a9a9fc37-234f-419a-95d4-ec7537fec14b
management:
  docChecksum: a394825e1c1bc4930882a784d6d637e8
  docVersion: 1.0.0
  speakeasyVersion: 1.221.0
  generationVersion: 2.287.0
  releaseVersion: 2.1.1
  configChecksum: 77bc8ebb5e4532584976fa33fc5302a9
  repoURL: https://github.com/wingspanHQ/client-sdk-typescript.git
  repoSubDirectory: benefits
  installationURL: https://gitpkg.now.sh/wingspanHQ/client-sdk-typescript/benefits
  published: true
features:
  typescript:
    core: 3.6.3
    globalSecurity: 2.82.8
    globalServerURLs: 2.82.4
    responseFormat: 0.2.2
generatedFiles:
  - src/sdk/benefitsenrollment.ts
  - src/sdk/benefitsservice.ts
  - src/sdk/sdk.ts
  - .eslintrc.js
  - .npmignore
  - RUNTIMES.md
  - package.json
  - src/index.ts
  - src/lib/base64.ts
  - src/lib/config.ts
  - src/lib/encodings.ts
  - src/lib/http.ts
  - src/lib/retries.ts
  - src/lib/schemas.ts
  - src/lib/sdks.ts
  - src/lib/security.ts
  - src/lib/url.ts
  - src/sdk/index.ts
  - src/sdk/models/errors/sdkerror.ts
  - src/sdk/models/errors/sdkvalidationerror.ts
  - src/sdk/types/blobs.ts
  - src/sdk/types/index.ts
  - src/sdk/types/operations.ts
  - src/sdk/types/rfcdate.ts
  - tsconfig.json
  - src/sdk/models/operations/getbenefitsenrollmentid.ts
  - src/sdk/models/operations/getbenefitsplanenrollment.ts
  - src/sdk/models/operations/getbenefitsplanenrollmentid.ts
  - src/sdk/models/operations/getbenefitsservice.ts
  - src/sdk/models/operations/patchbenefitsserviceid.ts
  - src/sdk/models/shared/enrollment.ts
  - src/sdk/models/shared/e974d9e9e5676123cf56d2fd858ece1c24be8be15b96a100963b7cb1afada329.ts
  - src/sdk/models/shared/planenrollment.ts
  - src/sdk/models/shared/userroles.ts
  - src/sdk/models/shared/planenrollmentcoveragemonth.ts
  - src/sdk/models/shared/a71f30be878693b235f8c5f1650be03c9920ca9821526545760476436104c9dc.ts
  - src/sdk/models/shared/serviceenablementresponse.ts
  - src/sdk/models/shared/serviceenablementupdate.ts
  - src/sdk/models/shared/security.ts
  - src/sdk/models/errors/index.ts
  - src/sdk/models/operations/index.ts
  - src/sdk/models/shared/index.ts
  - docs/sdk/models/operations/getbenefitsenrollmentidrequest.md
  - docs/sdk/models/operations/getbenefitsenrollmentidresponse.md
  - docs/sdk/models/operations/getbenefitsplanenrollmentresponse.md
  - docs/sdk/models/operations/getbenefitsplanenrollmentidrequest.md
  - docs/sdk/models/operations/getbenefitsplanenrollmentidresponse.md
  - docs/sdk/models/operations/getbenefitsserviceresponse.md
  - docs/sdk/models/operations/patchbenefitsserviceidrequest.md
  - docs/sdk/models/operations/patchbenefitsserviceidresponse.md
  - docs/sdk/models/shared/enrollment.md
  - docs/sdk/models/shared/e974d9e9e5676123cf56d2fd858ece1c24be8be15b96a100963b7cb1afada329status.md
  - docs/sdk/models/shared/e974d9e9e5676123cf56d2fd858ece1c24be8be15b96a100963b7cb1afada329.md
  - docs/sdk/models/shared/plantype.md
  - docs/sdk/models/shared/status.md
  - docs/sdk/models/shared/planenrollment.md
  - docs/sdk/models/shared/userroles.md
  - docs/sdk/models/shared/fundingstatus.md
  - docs/sdk/models/shared/planenrollmentcoveragemonth.md
  - docs/sdk/models/shared/a71f30be878693b235f8c5f1650be03c9920ca9821526545760476436104c9dc.md
  - docs/sdk/models/shared/servicestate.md
  - docs/sdk/models/shared/serviceenablementresponse.md
  - docs/sdk/models/shared/serviceenablementupdate.md
  - docs/sdk/models/shared/security.md
  - docs/sdks/benefits/README.md
  - docs/sdks/benefitsenrollment/README.md
  - docs/sdks/benefitsservice/README.md
  - USAGE.md
  - .gitattributes
  - src/hooks/hooks.ts
  - src/hooks/types.ts
  - src/hooks/index.ts
