lockVersion: 2.0.0
id: c19f2e69-3fc7-4bf7-931e-1899c796a58e
management:
  docChecksum: 8be5141fe24c2562c1c76280a9b444e6
  docVersion: 1.0.0
  speakeasyVersion: internal
  generationVersion: 2.272.1
  releaseVersion: 2.0.0
  configChecksum: 273e2bf8d0a4ae38ff2e0991f06b2dcf
  repoURL: https://github.com/wingspanHQ/client-sdk-typescript.git
  repoSubDirectory: files
  installationURL: https://gitpkg.now.sh/wingspanHQ/client-sdk-typescript/files
  published: true
features:
  typescript:
    core: 3.6.0
    globalSecurity: 2.82.3
    globalServerURLs: 2.82.3
    responseFormat: 0.1.0
generatedFiles:
  - src/sdk/documentmanagementforesignatures.ts
  - src/sdk/privatefilemanagement.ts
  - src/sdk/publicfilemanagement.ts
  - src/sdk/esignaturedocumenttemplates.ts
  - src/sdk/sdk.ts
  - .eslintrc.js
  - .npmignore
  - RUNTIMES.md
  - package.json
  - src/index.ts
  - src/lib/base64.ts
  - src/lib/config.ts
  - src/lib/encodings.ts
  - src/lib/event-streams.ts
  - src/lib/http.ts
  - src/lib/retries.ts
  - src/lib/schemas.ts
  - src/lib/sdks.ts
  - src/lib/security.ts
  - src/lib/url.ts
  - src/sdk/index.ts
  - src/sdk/models/errors/sdkerror.ts
  - src/sdk/models/errors/sdkvalidationerror.ts
  - src/sdk/types/blobs.ts
  - src/sdk/types/decimal.ts
  - src/sdk/types/index.ts
  - src/sdk/types/operations.ts
  - src/sdk/types/rfcdate.ts
  - tsconfig.json
  - src/sdk/models/operations/getfilesdocument.ts
  - src/sdk/models/operations/getfilesdocumentid.ts
  - src/sdk/models/operations/getfilesdocumentidsavefiles.ts
  - src/sdk/models/operations/getfilesdocumentidsigningurls.ts
  - src/sdk/models/operations/deletefilesmemberprivateid.ts
  - src/sdk/models/operations/getfilesmemberprivate.ts
  - src/sdk/models/operations/getfilesmemberprivateid.ts
  - src/sdk/models/operations/getfilesmemberprivateiddownload.ts
  - src/sdk/models/operations/patchfilesmemberprivateid.ts
  - src/sdk/models/operations/postfilesmemberprivate.ts
  - src/sdk/models/operations/postfilesmemberprivateupload.ts
  - src/sdk/models/operations/deletefilesmemberpublicid.ts
  - src/sdk/models/operations/getfilesmemberpublic.ts
  - src/sdk/models/operations/getfilesmemberpublicid.ts
  - src/sdk/models/operations/getfilesmemberpubliciddownload.ts
  - src/sdk/models/operations/getfilesmemberpublicidsummary.ts
  - src/sdk/models/operations/patchfilesmemberpublicid.ts
  - src/sdk/models/operations/postfilesmemberpublic.ts
  - src/sdk/models/operations/postfilesmemberpublicupload.ts
  - src/sdk/models/operations/deletefilestemplateid.ts
  - src/sdk/models/operations/getfilestemplate.ts
  - src/sdk/models/operations/getfilestemplateid.ts
  - src/sdk/models/operations/postfilestemplate.ts
  - src/sdk/models/shared/documentresponse.ts
  - src/sdk/models/shared/userroles.ts
  - src/sdk/models/shared/documentfiles.ts
  - src/sdk/models/shared/documentevents.ts
  - src/sdk/models/shared/documentfilesresponse.ts
  - src/sdk/models/shared/documentsigningurlsresponse.ts
  - src/sdk/models/shared/documentsigningurls.ts
  - src/sdk/models/shared/fourc638629a9ab57d496147964335fd74ca94b1bb4ca82380d39ab39d0d4b3c1c6.ts
  - src/sdk/models/shared/fileresponse.ts
  - src/sdk/models/shared/filerequest.ts
  - src/sdk/models/shared/memberpublicfileresponse.ts
  - src/sdk/models/shared/memberfilesummaryresponse.ts
  - src/sdk/models/shared/templateresponse.ts
  - src/sdk/models/shared/templatecreaterequest.ts
  - src/sdk/models/shared/security.ts
  - src/sdk/models/errors/index.ts
  - src/sdk/models/operations/index.ts
  - src/sdk/models/shared/index.ts
  - docs/sdk/models/operations/getfilesdocumentresponse.md
  - docs/sdk/models/operations/getfilesdocumentidrequest.md
  - docs/sdk/models/operations/getfilesdocumentidresponse.md
  - docs/sdk/models/operations/getfilesdocumentidsavefilesrequest.md
  - docs/sdk/models/operations/getfilesdocumentidsavefilesresponse.md
  - docs/sdk/models/operations/getfilesdocumentidsigningurlsrequest.md
  - docs/sdk/models/operations/getfilesdocumentidsigningurlsresponse.md
  - docs/sdk/models/operations/deletefilesmemberprivateidrequest.md
  - docs/sdk/models/operations/deletefilesmemberprivateidresponse.md
  - docs/sdk/models/operations/getfilesmemberprivateresponse.md
  - docs/sdk/models/operations/getfilesmemberprivateidrequest.md
  - docs/sdk/models/operations/getfilesmemberprivateidresponse.md
  - docs/sdk/models/operations/getfilesmemberprivateiddownloadrequest.md
  - docs/sdk/models/operations/getfilesmemberprivateiddownloadresponse.md
  - docs/sdk/models/operations/patchfilesmemberprivateidrequest.md
  - docs/sdk/models/operations/patchfilesmemberprivateidresponse.md
  - docs/sdk/models/operations/postfilesmemberprivateresponse.md
  - docs/sdk/models/operations/postfilesmemberprivateuploadresponse.md
  - docs/sdk/models/operations/deletefilesmemberpublicidrequest.md
  - docs/sdk/models/operations/deletefilesmemberpublicidresponse.md
  - docs/sdk/models/operations/getfilesmemberpublicresponse.md
  - docs/sdk/models/operations/getfilesmemberpublicidrequest.md
  - docs/sdk/models/operations/getfilesmemberpublicidresponse.md
  - docs/sdk/models/operations/getfilesmemberpubliciddownloadrequest.md
  - docs/sdk/models/operations/getfilesmemberpubliciddownloadresponse.md
  - docs/sdk/models/operations/getfilesmemberpublicidsummaryrequest.md
  - docs/sdk/models/operations/getfilesmemberpublicidsummaryresponse.md
  - docs/sdk/models/operations/patchfilesmemberpublicidrequest.md
  - docs/sdk/models/operations/patchfilesmemberpublicidresponse.md
  - docs/sdk/models/operations/postfilesmemberpublicresponse.md
  - docs/sdk/models/operations/postfilesmemberpublicuploadresponse.md
  - docs/sdk/models/operations/deletefilestemplateidrequest.md
  - docs/sdk/models/operations/deletefilestemplateidresponse.md
  - docs/sdk/models/operations/getfilestemplateresponse.md
  - docs/sdk/models/operations/getfilestemplateidrequest.md
  - docs/sdk/models/operations/getfilestemplateidresponse.md
  - docs/sdk/models/operations/postfilestemplateresponse.md
  - docs/sdk/models/shared/documentresponsestatus.md
  - docs/sdk/models/shared/documentresponse.md
  - docs/sdk/models/shared/userroles.md
  - docs/sdk/models/shared/documentfiles.md
  - docs/sdk/models/shared/documentevents.md
  - docs/sdk/models/shared/status.md
  - docs/sdk/models/shared/documentfilesresponse.md
  - docs/sdk/models/shared/documentsigningurlsresponsestatus.md
  - docs/sdk/models/shared/documentsigningurlsresponse.md
  - docs/sdk/models/shared/documentsigningurls.md
  - docs/sdk/models/shared/fourc638629a9ab57d496147964335fd74ca94b1bb4ca82380d39ab39d0d4b3c1c6.md
  - docs/sdk/models/shared/fileaccessscope.md
  - docs/sdk/models/shared/fileresponse.md
  - docs/sdk/models/shared/filerequest.md
  - docs/sdk/models/shared/memberpublicfileresponsefileaccessscope.md
  - docs/sdk/models/shared/memberpublicfileresponse.md
  - docs/sdk/models/shared/memberfilesummaryresponse.md
  - docs/sdk/models/shared/templateresponsepurpose.md
  - docs/sdk/models/shared/templateresponseroles.md
  - docs/sdk/models/shared/templateresponse.md
  - docs/sdk/models/shared/purpose.md
  - docs/sdk/models/shared/roles.md
  - docs/sdk/models/shared/templatecreaterequest.md
  - docs/sdk/models/shared/security.md
  - docs/sdks/files/README.md
  - docs/sdks/documentmanagementforesignatures/README.md
  - docs/sdks/privatefilemanagement/README.md
  - docs/sdks/publicfilemanagement/README.md
  - docs/sdks/esignaturedocumenttemplates/README.md
  - USAGE.md
  - .gitattributes
  - src/hooks/hooks.ts
  - src/hooks/types.ts
  - src/hooks/index.ts
