lockVersion: 2.0.0
id: 9dc5c2ac-9a6c-42e2-aa68-24b245224cec
management:
  docChecksum: 0de556d1c2dbd2ed989cc3cfa530242c
  docVersion: 1.0.0
  speakeasyVersion: internal
  generationVersion: 2.275.2
  releaseVersion: 2.0.1
  configChecksum: 3cc7af58c3adfc327f235047f6cea111
  repoURL: https://github.com/wingspanHQ/client-sdk-typescript.git
  repoSubDirectory: users
  installationURL: https://gitpkg.now.sh/wingspanHQ/client-sdk-typescript/users
  published: true
features:
  typescript:
    core: 3.6.1
    globalSecurity: 2.82.4
    globalServerURLs: 2.82.3
    responseFormat: 0.1.0
    unions: 2.85.2
generatedFiles:
  - src/sdk/userandmembermanagement.ts
  - src/sdk/accountandbankingoperations.ts
  - src/sdk/activityandusagetracking.ts
  - src/sdk/sessionandauthentication.ts
  - src/sdk/authorizationandpermissions.ts
  - src/sdk/organizationaccountmanagement.ts
  - src/sdk/subscriptionandgrantsmanagement.ts
  - src/sdk/deprecated.ts
  - src/sdk/subscriptionmanagement.ts
  - src/sdk/sdk.ts
  - .eslintrc.js
  - .npmignore
  - RUNTIMES.md
  - package.json
  - src/index.ts
  - src/lib/base64.ts
  - src/lib/config.ts
  - src/lib/encodings.ts
  - src/lib/event-streams.ts
  - src/lib/http.ts
  - src/lib/retries.ts
  - src/lib/schemas.ts
  - src/lib/sdks.ts
  - src/lib/security.ts
  - src/lib/url.ts
  - src/sdk/index.ts
  - src/sdk/models/errors/sdkerror.ts
  - src/sdk/models/errors/sdkvalidationerror.ts
  - src/sdk/types/blobs.ts
  - src/sdk/types/decimal.ts
  - src/sdk/types/index.ts
  - src/sdk/types/operations.ts
  - src/sdk/types/rfcdate.ts
  - tsconfig.json
  - src/sdk/models/operations/getusers.ts
  - src/sdk/models/operations/getusersuserclientid.ts
  - src/sdk/models/operations/getusersuseremailemail.ts
  - src/sdk/models/operations/getusersuserlocation.ts
  - src/sdk/models/operations/getusersusermembersubscriptionpaymenthistory.ts
  - src/sdk/models/operations/getusersusermemberid.ts
  - src/sdk/models/operations/getusersusermemberidadvocate.ts
  - src/sdk/models/operations/getusersuseroccupation.ts
  - src/sdk/models/operations/getusersuserpublicid.ts
  - src/sdk/models/operations/getusersusertagid.ts
  - src/sdk/models/operations/getusersuserid.ts
  - src/sdk/models/operations/patchusersuserclientid.ts
  - src/sdk/models/operations/patchusersusermemberid.ts
  - src/sdk/models/operations/patchusersuserid.ts
  - src/sdk/models/operations/postuserspendinguser.ts
  - src/sdk/models/operations/postusersuser.ts
  - src/sdk/models/operations/postusersuserclientid.ts
  - src/sdk/models/operations/postusersusermemberid.ts
  - src/sdk/models/operations/postusersuserpasswordreset.ts
  - src/sdk/models/operations/deleteusersaccountid.ts
  - src/sdk/models/operations/getusersaccount.ts
  - src/sdk/models/operations/getusersaccountid.ts
  - src/sdk/models/operations/patchusersaccountid.ts
  - src/sdk/models/operations/postusersaccount.ts
  - src/sdk/models/operations/postusersaccountlink.ts
  - src/sdk/models/operations/postusersaccountrequirements.ts
  - src/sdk/models/operations/postusersaccountaccountidverify.ts
  - src/sdk/models/operations/postusersguestaccountnumbers.ts
  - src/sdk/models/operations/deleteusersactivityid.ts
  - src/sdk/models/operations/getusersactivity.ts
  - src/sdk/models/operations/getusersactivityid.ts
  - src/sdk/models/operations/patchusersactivityid.ts
  - src/sdk/models/operations/postusersactivity.ts
  - src/sdk/models/operations/deleteuserssessionapiid.ts
  - src/sdk/models/operations/deleteuserssessiontokenid.ts
  - src/sdk/models/operations/getusersgrantedsubscribersubscriptiongrant.ts
  - src/sdk/models/operations/getuserssessionapi.ts
  - src/sdk/models/operations/getuserssessionapiid.ts
  - src/sdk/models/operations/getuserssessiontokenid.ts
  - src/sdk/models/operations/patchuserssessionapiid.ts
  - src/sdk/models/operations/patchuserssessionotp.ts
  - src/sdk/models/operations/patchusersuseridverificationemail.ts
  - src/sdk/models/operations/patchusersuseridverificationphone.ts
  - src/sdk/models/operations/postusersauthentication.ts
  - src/sdk/models/operations/postuserspendingsession.ts
  - src/sdk/models/operations/postuserssession.ts
  - src/sdk/models/operations/postuserssessionapi.ts
  - src/sdk/models/operations/postuserssessionotp.ts
  - src/sdk/models/operations/postuserssessionrequestinguser.ts
  - src/sdk/models/operations/postuserssessionsinglesignon.ts
  - src/sdk/models/operations/postuserssessionsocialauthgoogle.ts
  - src/sdk/models/operations/postusersuseridverificationemail.ts
  - src/sdk/models/operations/postusersuseridverificationexistingemail.ts
  - src/sdk/models/operations/postusersuseridverificationphone.ts
  - src/sdk/models/operations/deleteusersauthorizationauthorizationid.ts
  - src/sdk/models/operations/getusersauthorization.ts
  - src/sdk/models/operations/getusersauthorizationaccountsuserid.ts
  - src/sdk/models/operations/getusersauthorizationauthorizationid.ts
  - src/sdk/models/operations/getusersauthorizedscopegroups.ts
  - src/sdk/models/operations/getusersauthorizedscopegroupsrequestinguserid.ts
  - src/sdk/models/operations/getusersauthorizedscopes.ts
  - src/sdk/models/operations/getusersauthorizedscopesrequestinguserid.ts
  - src/sdk/models/operations/patchusersauthorizationauthorizationid.ts
  - src/sdk/models/operations/postusersauthorization.ts
  - src/sdk/models/operations/postusersflatfileauthtoken.ts
  - src/sdk/models/operations/getusersorganizationuser.ts
  - src/sdk/models/operations/getusersorganizationuseruserid.ts
  - src/sdk/models/operations/getusersorganizationuseruseridsession.ts
  - src/sdk/models/operations/patchusersorganizationuseruserid.ts
  - src/sdk/models/operations/patchusersorganizationuseruseridassociate.ts
  - src/sdk/models/operations/postusersorganizationuser.ts
  - src/sdk/models/operations/postusersorganizationuseruseridassociate.ts
  - src/sdk/models/operations/deleteuserssubscriptiongrantid.ts
  - src/sdk/models/operations/deleteusersusermemberidsubscription.ts
  - src/sdk/models/operations/getuserssubscriptiongrant.ts
  - src/sdk/models/operations/getuserssubscriptiongrantid.ts
  - src/sdk/models/operations/getusersusermemberidsubscription.ts
  - src/sdk/models/operations/patchuserssubscriptiongrantid.ts
  - src/sdk/models/operations/patchusersusermemberidsubscription.ts
  - src/sdk/models/operations/postuserssubscriptiongrant.ts
  - src/sdk/models/operations/postusersusermemberidsubscription.ts
  - src/sdk/models/operations/deleteusersusermembersubscriptionid.ts
  - src/sdk/models/operations/getusersusermembersubscriptionpaymentmethod.ts
  - src/sdk/models/operations/getusersusermembersubscriptionplan.ts
  - src/sdk/models/operations/getusersusermembersubscriptionplanid.ts
  - src/sdk/models/operations/getusersusermembersubscriptionid.ts
  - src/sdk/models/operations/patchusersusermembersubscriptionpaymentmethod.ts
  - src/sdk/models/operations/patchusersusermembersubscriptionid.ts
  - src/sdk/models/operations/postusersusermembersubscriptionpaymentmethod.ts
  - src/sdk/models/operations/deleteusersusermembermemberidnextgensubscriptionid.ts
  - src/sdk/models/operations/getusersusermembermemberidnextgensubscription.ts
  - src/sdk/models/operations/getusersusermembermemberidnextgensubscriptionplan.ts
  - src/sdk/models/operations/getusersusermembermemberidnextgensubscriptionplanid.ts
  - src/sdk/models/operations/getusersusermembermemberidnextgensubscriptionid.ts
  - src/sdk/models/operations/patchusersusermembermemberidnextgensubscriptionid.ts
  - src/sdk/models/operations/postusersusermembermemberidnextgensubscription.ts
  - src/sdk/models/shared/clientresponse.ts
  - src/sdk/models/shared/userroles.ts
  - src/sdk/models/shared/newuser.ts
  - src/sdk/models/shared/newusersettings.ts
  - src/sdk/models/shared/userprofile.ts
  - src/sdk/models/shared/phone.ts
  - src/sdk/models/shared/organizationaccount.ts
  - src/sdk/models/shared/organizationinheritancestrategy.ts
  - src/sdk/models/shared/usernotificationsettings.ts
  - src/sdk/models/shared/emailverificationstate.ts
  - src/sdk/models/shared/clientprofile.ts
  - src/sdk/models/shared/defaultpaymentmethod.ts
  - src/sdk/models/shared/creditcard.ts
  - src/sdk/models/shared/oneec70b8932527ff4790394003fff4dc0129da172d7ffa7d79fdfb7db427d1746.ts
  - src/sdk/models/shared/fivea32679f9ede76c39a5dbdbf1b227070bff3053fb97aac841f885751d36d7dac.ts
  - src/sdk/models/shared/discount.ts
  - src/sdk/models/shared/company.ts
  - src/sdk/models/shared/companylinks.ts
  - src/sdk/models/shared/companyperson.ts
  - src/sdk/models/shared/address.ts
  - src/sdk/models/shared/userbyemailresponse.ts
  - src/sdk/models/shared/redacteduser.ts
  - src/sdk/models/shared/ninee97e63e736df301658ebeeab7f4fe84f3aeaa73800d3e4863801a3eb026df4b.ts
  - src/sdk/models/shared/f6f2bd1a2fc7bad4e0d8f22345fc5f6699d096b7797b93575869c544a4fc5cef.ts
  - src/sdk/models/shared/seventhousandninehundredandninetysixa6815c717c0e93865680b5cd47dec90314e97e4e7282bed7fc2f367bc051.ts
  - src/sdk/models/shared/locationresponse.ts
  - src/sdk/models/shared/paymentreceiptwithcharge.ts
  - src/sdk/models/shared/charge.ts
  - src/sdk/models/shared/member.ts
  - src/sdk/models/shared/servicestatus.ts
  - src/sdk/models/shared/memberprofile.ts
  - src/sdk/models/shared/memberwithholdings.ts
  - src/sdk/models/shared/sixhundredandseventeenceb0bc24fcf187ab7e6b13633442b8671de98ff04917ce2c41034e5482b5f.ts
  - src/sdk/models/shared/memberprofilevisibilitymap.ts
  - src/sdk/models/shared/tinverification.ts
  - src/sdk/models/shared/verificationstate.ts
  - src/sdk/models/shared/membertaxinfo.ts
  - src/sdk/models/shared/memberoccupation.ts
  - src/sdk/models/shared/memberformw9options.ts
  - src/sdk/models/shared/memberadvocate.ts
  - src/sdk/models/shared/occupation.ts
  - src/sdk/models/shared/publicuserresponse.ts
  - src/sdk/models/shared/redactedmember.ts
  - src/sdk/models/shared/twentythreed776fc12e56286a20f36065e4f942c43a28218a62eb2f211116c130deb74eb.ts
  - src/sdk/models/shared/usertagresponse.ts
  - src/sdk/models/shared/clientupdaterequest.ts
  - src/sdk/models/shared/clientprofileupdate.ts
  - src/sdk/models/shared/paymentmethodupdate.ts
  - src/sdk/models/shared/memberupdaterequest.ts
  - src/sdk/models/shared/memberprofilewrite.ts
  - src/sdk/models/shared/companywrite.ts
  - src/sdk/models/shared/companypersonwrite.ts
  - src/sdk/models/shared/userupdaterequest.ts
  - src/sdk/models/shared/usercreaterequest.ts
  - src/sdk/models/shared/clientcreaterequest.ts
  - src/sdk/models/shared/clientprofilecreate.ts
  - src/sdk/models/shared/membercreaterequest.ts
  - src/sdk/models/shared/passwordresetrequest.ts
  - src/sdk/models/shared/account.ts
  - src/sdk/models/shared/accountpurpose.ts
  - src/sdk/models/shared/accountnumbers.ts
  - src/sdk/models/shared/sixhundredandsixtytwob4b108cbbf88d6c8da2cc52e8dc2fcc4e24449d66b34b20beeb55bad5790d.ts
  - src/sdk/models/shared/f8c6f82160a6fdfd5126819f1852fc694cb8161367b6d04413104146646d63fb.ts
  - src/sdk/models/shared/plaidexternalids.ts
  - src/sdk/models/shared/quickbooksaccountexternalids.ts
  - src/sdk/models/shared/accountevents.ts
  - src/sdk/models/shared/accountverification.ts
  - src/sdk/models/shared/accountupdaterequest.ts
  - src/sdk/models/shared/accountverificationrequest.ts
  - src/sdk/models/shared/accountcreateresponse.ts
  - src/sdk/models/shared/accountcreaterequest.ts
  - src/sdk/models/shared/linktokenresponse.ts
  - src/sdk/models/shared/linktokenrequest.ts
  - src/sdk/models/shared/accountrequirementsresponse.ts
  - src/sdk/models/shared/nineebbbc3cd350921a45b309ded4e5f141c39010cff4692acdd754cd0084136a62.ts
  - src/sdk/models/shared/accountrequirementsrequest.ts
  - src/sdk/models/shared/accountverifyrequest.ts
  - src/sdk/models/shared/sevena01613108052d8f7b4782efc42c1c6198c318ddee48446943e5402df03118c4.ts
  - src/sdk/models/shared/guestaccountrequest.ts
  - src/sdk/models/shared/activity.ts
  - src/sdk/models/shared/flows.ts
  - src/sdk/models/shared/flowprogress.ts
  - src/sdk/models/shared/activityevents.ts
  - src/sdk/models/shared/activitycontext.ts
  - src/sdk/models/shared/activityupdaterequest.ts
  - src/sdk/models/shared/activitycreaterequest.ts
  - src/sdk/models/shared/apisessionresponse.ts
  - src/sdk/models/shared/grantedsubscriberresponse.ts
  - src/sdk/models/shared/apisessionupdaterequest.ts
  - src/sdk/models/shared/completephoneverificationrequest.ts
  - src/sdk/models/shared/emailverificationresponse.ts
  - src/sdk/models/shared/completeemailverificationrequest.ts
  - src/sdk/models/shared/phoneverificationresponse.ts
  - src/sdk/models/shared/sessionresponse.ts
  - src/sdk/models/shared/authenticationrequestresponse.ts
  - src/sdk/models/shared/authenticationrequest.ts
  - src/sdk/models/shared/sessioncreaterequest.ts
  - src/sdk/models/shared/apisessioncreaterequest.ts
  - src/sdk/models/shared/otpsessioncreaterequest.ts
  - src/sdk/models/shared/ssosessioncreaterequest.ts
  - src/sdk/models/shared/signinwithgooglerequest.ts
  - src/sdk/models/shared/beginemailverificationrequest.ts
  - src/sdk/models/shared/beginexistingemailverificationrequest.ts
  - src/sdk/models/shared/beginphoneverificationrequest.ts
  - src/sdk/models/shared/authorizationresponse.ts
  - src/sdk/models/shared/scopemodificationsmap.ts
  - src/sdk/models/shared/a24fdd81435ed05a57123a87880fde150a3466e9cd38875e4ecd540139f5e47d.ts
  - src/sdk/models/shared/scopemodification.ts
  - src/sdk/models/shared/bf168ad7d016496dfd65f4d4bc3208501a96ad4f4048d001e6ebdb3a4b8311b1.ts
  - src/sdk/models/shared/authorizedaccount.ts
  - src/sdk/models/shared/authorizationscopegroup.ts
  - src/sdk/models/shared/authorizationscopes.ts
  - src/sdk/models/shared/authorizationupdaterequest.ts
  - src/sdk/models/shared/authorizationcreaterequest.ts
  - src/sdk/models/shared/flatfileauthtokenresponse.ts
  - src/sdk/models/shared/flatfileauthtokenrequest.ts
  - src/sdk/models/shared/organizationuserassociationupdate.ts
  - src/sdk/models/shared/organizationuserassociation.ts
  - src/sdk/models/shared/subscriptiongrantresponse.ts
  - src/sdk/models/shared/subscription.ts
  - src/sdk/models/shared/scheduledchange.ts
  - src/sdk/models/shared/previouslybilled.ts
  - src/sdk/models/shared/subscriptiongrantupdaterequest.ts
  - src/sdk/models/shared/subscriptionupdaterequest.ts
  - src/sdk/models/shared/subscriptiongrantcreaterequest.ts
  - src/sdk/models/shared/subscriptioncreaterequest.ts
  - src/sdk/models/shared/plan.ts
  - src/sdk/models/shared/paymentmethodwriterequest.ts
  - src/sdk/models/shared/nextgensubscriptionresponse.ts
  - src/sdk/models/shared/nextgensubscriptionprice.ts
  - src/sdk/models/shared/skuid.ts
  - src/sdk/models/shared/nextgensubscriptionplan.ts
  - src/sdk/models/shared/sixhundredandtwentynined384730e878960087338a314c3117c9abb8337ea9c58dda95ee9d8385a278.ts
  - src/sdk/models/shared/nextgensubscriptiondiscount.ts
  - src/sdk/models/shared/security.ts
  - src/sdk/models/errors/index.ts
  - src/sdk/models/operations/index.ts
  - src/sdk/models/shared/index.ts
  - docs/sdk/models/operations/getusersresponse.md
  - docs/sdk/models/operations/getusersuserclientidrequest.md
  - docs/sdk/models/operations/getusersuserclientidresponse.md
  - docs/sdk/models/operations/getusersuseremailemailrequest.md
  - docs/sdk/models/operations/getusersuseremailemailresponse.md
  - docs/sdk/models/operations/getusersuserlocationresponse.md
  - docs/sdk/models/operations/getusersusermembersubscriptionpaymenthistoryresponse.md
  - docs/sdk/models/operations/getusersusermemberidrequest.md
  - docs/sdk/models/operations/getusersusermemberidresponse.md
  - docs/sdk/models/operations/getusersusermemberidadvocaterequest.md
  - docs/sdk/models/operations/getusersusermemberidadvocateresponse.md
  - docs/sdk/models/operations/getusersuseroccupationresponse.md
  - docs/sdk/models/operations/getusersuserpublicidrequest.md
  - docs/sdk/models/operations/getusersuserpublicidresponse.md
  - docs/sdk/models/operations/getusersusertagidrequest.md
  - docs/sdk/models/operations/getusersusertagidresponse.md
  - docs/sdk/models/operations/getusersuseridrequest.md
  - docs/sdk/models/operations/getusersuseridresponse.md
  - docs/sdk/models/operations/patchusersuserclientidrequest.md
  - docs/sdk/models/operations/patchusersuserclientidresponse.md
  - docs/sdk/models/operations/patchusersusermemberidrequest.md
  - docs/sdk/models/operations/patchusersusermemberidresponse.md
  - docs/sdk/models/operations/patchusersuseridrequest.md
  - docs/sdk/models/operations/patchusersuseridresponse.md
  - docs/sdk/models/operations/postuserspendinguserresponse.md
  - docs/sdk/models/operations/postusersuserresponse.md
  - docs/sdk/models/operations/postusersuserclientidrequest.md
  - docs/sdk/models/operations/postusersuserclientidresponse.md
  - docs/sdk/models/operations/postusersusermemberidrequest.md
  - docs/sdk/models/operations/postusersusermemberidresponse.md
  - docs/sdk/models/operations/postusersuserpasswordresetresponse.md
  - docs/sdk/models/operations/deleteusersaccountidrequest.md
  - docs/sdk/models/operations/deleteusersaccountidresponse.md
  - docs/sdk/models/operations/getusersaccountresponse.md
  - docs/sdk/models/operations/getusersaccountidrequest.md
  - docs/sdk/models/operations/getusersaccountidresponse.md
  - docs/sdk/models/operations/patchusersaccountidrequest.md
  - docs/sdk/models/operations/patchusersaccountidresponse.md
  - docs/sdk/models/operations/postusersaccountresponse.md
  - docs/sdk/models/operations/postusersaccountlinkresponse.md
  - docs/sdk/models/operations/postusersaccountrequirementsresponse.md
  - docs/sdk/models/operations/postusersaccountaccountidverifyrequest.md
  - docs/sdk/models/operations/postusersaccountaccountidverifyresponse.md
  - docs/sdk/models/operations/postusersguestaccountnumbersresponse.md
  - docs/sdk/models/operations/deleteusersactivityidrequest.md
  - docs/sdk/models/operations/deleteusersactivityidresponse.md
  - docs/sdk/models/operations/getusersactivityresponse.md
  - docs/sdk/models/operations/getusersactivityidrequest.md
  - docs/sdk/models/operations/getusersactivityidresponse.md
  - docs/sdk/models/operations/patchusersactivityidrequest.md
  - docs/sdk/models/operations/patchusersactivityidresponse.md
  - docs/sdk/models/operations/postusersactivityresponse.md
  - docs/sdk/models/operations/deleteuserssessionapiidrequest.md
  - docs/sdk/models/operations/deleteuserssessionapiidresponse.md
  - docs/sdk/models/operations/deleteuserssessiontokenidrequest.md
  - docs/sdk/models/operations/deleteuserssessiontokenidresponse.md
  - docs/sdk/models/operations/getusersgrantedsubscribersubscriptiongrantresponse.md
  - docs/sdk/models/operations/getuserssessionapiresponse.md
  - docs/sdk/models/operations/getuserssessionapiidrequest.md
  - docs/sdk/models/operations/getuserssessionapiidresponse.md
  - docs/sdk/models/operations/getuserssessiontokenidrequest.md
  - docs/sdk/models/operations/getuserssessiontokenidresponse.md
  - docs/sdk/models/operations/patchuserssessionapiidrequest.md
  - docs/sdk/models/operations/patchuserssessionapiidresponse.md
  - docs/sdk/models/operations/patchuserssessionotpresponse.md
  - docs/sdk/models/operations/patchusersuseridverificationemailrequest.md
  - docs/sdk/models/operations/patchusersuseridverificationemailresponse.md
  - docs/sdk/models/operations/patchusersuseridverificationphonerequest.md
  - docs/sdk/models/operations/patchusersuseridverificationphoneresponse.md
  - docs/sdk/models/operations/postusersauthenticationresponse.md
  - docs/sdk/models/operations/postuserspendingsessionresponse.md
  - docs/sdk/models/operations/postuserssessionresponse.md
  - docs/sdk/models/operations/postuserssessionapiresponse.md
  - docs/sdk/models/operations/postuserssessionotpresponse.md
  - docs/sdk/models/operations/postuserssessionrequestinguserresponse.md
  - docs/sdk/models/operations/postuserssessionsinglesignonresponse.md
  - docs/sdk/models/operations/postuserssessionsocialauthgoogleresponse.md
  - docs/sdk/models/operations/postusersuseridverificationemailrequest.md
  - docs/sdk/models/operations/postusersuseridverificationemailresponse.md
  - docs/sdk/models/operations/postusersuseridverificationexistingemailrequest.md
  - docs/sdk/models/operations/postusersuseridverificationexistingemailresponse.md
  - docs/sdk/models/operations/postusersuseridverificationphonerequest.md
  - docs/sdk/models/operations/postusersuseridverificationphoneresponse.md
  - docs/sdk/models/operations/deleteusersauthorizationauthorizationidrequest.md
  - docs/sdk/models/operations/deleteusersauthorizationauthorizationidresponse.md
  - docs/sdk/models/operations/getusersauthorizationresponse.md
  - docs/sdk/models/operations/getusersauthorizationaccountsuseridrequest.md
  - docs/sdk/models/operations/getusersauthorizationaccountsuseridresponse.md
  - docs/sdk/models/operations/getusersauthorizationauthorizationidrequest.md
  - docs/sdk/models/operations/getusersauthorizationauthorizationidresponse.md
  - docs/sdk/models/operations/getusersauthorizedscopegroupsresponse.md
  - docs/sdk/models/operations/getusersauthorizedscopegroupsrequestinguseridrequest.md
  - docs/sdk/models/operations/getusersauthorizedscopegroupsrequestinguseridresponse.md
  - docs/sdk/models/operations/getusersauthorizedscopesresponse.md
  - docs/sdk/models/operations/getusersauthorizedscopesrequestinguseridrequest.md
  - docs/sdk/models/operations/getusersauthorizedscopesrequestinguseridresponse.md
  - docs/sdk/models/operations/patchusersauthorizationauthorizationidrequest.md
  - docs/sdk/models/operations/patchusersauthorizationauthorizationidresponse.md
  - docs/sdk/models/operations/postusersauthorizationresponse.md
  - docs/sdk/models/operations/postusersflatfileauthtokenresponse.md
  - docs/sdk/models/operations/getusersorganizationuserresponse.md
  - docs/sdk/models/operations/getusersorganizationuseruseridrequest.md
  - docs/sdk/models/operations/getusersorganizationuseruseridresponse.md
  - docs/sdk/models/operations/getusersorganizationuseruseridsessionrequest.md
  - docs/sdk/models/operations/getusersorganizationuseruseridsessionresponse.md
  - docs/sdk/models/operations/patchusersorganizationuseruseridrequest.md
  - docs/sdk/models/operations/patchusersorganizationuseruseridresponse.md
  - docs/sdk/models/operations/patchusersorganizationuseruseridassociaterequest.md
  - docs/sdk/models/operations/patchusersorganizationuseruseridassociateresponse.md
  - docs/sdk/models/operations/postusersorganizationuserresponse.md
  - docs/sdk/models/operations/postusersorganizationuseruseridassociaterequest.md
  - docs/sdk/models/operations/postusersorganizationuseruseridassociateresponse.md
  - docs/sdk/models/operations/deleteuserssubscriptiongrantidrequest.md
  - docs/sdk/models/operations/deleteuserssubscriptiongrantidresponse.md
  - docs/sdk/models/operations/deleteusersusermemberidsubscriptionrequest.md
  - docs/sdk/models/operations/deleteusersusermemberidsubscriptionresponse.md
  - docs/sdk/models/operations/getuserssubscriptiongrantresponse.md
  - docs/sdk/models/operations/getuserssubscriptiongrantidrequest.md
  - docs/sdk/models/operations/getuserssubscriptiongrantidresponse.md
  - docs/sdk/models/operations/getusersusermemberidsubscriptionrequest.md
  - docs/sdk/models/operations/getusersusermemberidsubscriptionresponse.md
  - docs/sdk/models/operations/patchuserssubscriptiongrantidrequest.md
  - docs/sdk/models/operations/patchuserssubscriptiongrantidresponse.md
  - docs/sdk/models/operations/patchusersusermemberidsubscriptionrequest.md
  - docs/sdk/models/operations/patchusersusermemberidsubscriptionresponse.md
  - docs/sdk/models/operations/postuserssubscriptiongrantresponse.md
  - docs/sdk/models/operations/postusersusermemberidsubscriptionrequest.md
  - docs/sdk/models/operations/postusersusermemberidsubscriptionresponse.md
  - docs/sdk/models/operations/deleteusersusermembersubscriptionidrequest.md
  - docs/sdk/models/operations/deleteusersusermembersubscriptionidresponse.md
  - docs/sdk/models/operations/getusersusermembersubscriptionpaymentmethodresponse.md
  - docs/sdk/models/operations/getusersusermembersubscriptionplanresponse.md
  - docs/sdk/models/operations/getusersusermembersubscriptionplanidrequest.md
  - docs/sdk/models/operations/getusersusermembersubscriptionplanidresponse.md
  - docs/sdk/models/operations/getusersusermembersubscriptionidrequest.md
  - docs/sdk/models/operations/getusersusermembersubscriptionidresponse.md
  - docs/sdk/models/operations/patchusersusermembersubscriptionpaymentmethodresponse.md
  - docs/sdk/models/operations/patchusersusermembersubscriptionidrequest.md
  - docs/sdk/models/operations/patchusersusermembersubscriptionidresponse.md
  - docs/sdk/models/operations/postusersusermembersubscriptionpaymentmethodresponse.md
  - docs/sdk/models/operations/deleteusersusermembermemberidnextgensubscriptionidrequest.md
  - docs/sdk/models/operations/deleteusersusermembermemberidnextgensubscriptionidresponse.md
  - docs/sdk/models/operations/getusersusermembermemberidnextgensubscriptionrequest.md
  - docs/sdk/models/operations/getusersusermembermemberidnextgensubscriptionresponse.md
  - docs/sdk/models/operations/getusersusermembermemberidnextgensubscriptionplanrequest.md
  - docs/sdk/models/operations/getusersusermembermemberidnextgensubscriptionplanresponse.md
  - docs/sdk/models/operations/getusersusermembermemberidnextgensubscriptionplanidrequest.md
  - docs/sdk/models/operations/getusersusermembermemberidnextgensubscriptionplanidresponse.md
  - docs/sdk/models/operations/getusersusermembermemberidnextgensubscriptionidrequest.md
  - docs/sdk/models/operations/getusersusermembermemberidnextgensubscriptionidresponse.md
  - docs/sdk/models/operations/patchusersusermembermemberidnextgensubscriptionidrequest.md
  - docs/sdk/models/operations/patchusersusermembermemberidnextgensubscriptionidresponse.md
  - docs/sdk/models/operations/postusersusermembermemberidnextgensubscriptionrequest.md
  - docs/sdk/models/operations/postusersusermembermemberidnextgensubscriptionresponse.md
  - docs/sdk/models/shared/clientresponse.md
  - docs/sdk/models/shared/userroles.md
  - docs/sdk/models/shared/newuserstatus.md
  - docs/sdk/models/shared/newuser.md
  - docs/sdk/models/shared/newusersettingsuseraccounttype.md
  - docs/sdk/models/shared/newusersettings.md
  - docs/sdk/models/shared/gender.md
  - docs/sdk/models/shared/userprofile.md
  - docs/sdk/models/shared/phonechannel.md
  - docs/sdk/models/shared/channelpendingverification.md
  - docs/sdk/models/shared/phonestatus.md
  - docs/sdk/models/shared/phone.md
  - docs/sdk/models/shared/organizationaccount.md
  - docs/sdk/models/shared/externalfinancialaccounts.md
  - docs/sdk/models/shared/fundingsource.md
  - docs/sdk/models/shared/payoutsettings.md
  - docs/sdk/models/shared/wingspanaccount.md
  - docs/sdk/models/shared/wingspanfinancialsettings.md
  - docs/sdk/models/shared/organizationinheritancestrategy.md
  - docs/sdk/models/shared/usernotificationsettings.md
  - docs/sdk/models/shared/emailverificationstatestatus.md
  - docs/sdk/models/shared/emailverificationstate.md
  - docs/sdk/models/shared/clientprofile.md
  - docs/sdk/models/shared/defaultpaymentmethod.md
  - docs/sdk/models/shared/creditcard.md
  - docs/sdk/models/shared/oneec70b8932527ff4790394003fff4dc0129da172d7ffa7d79fdfb7db427d1746.md
  - docs/sdk/models/shared/fivea32679f9ede76c39a5dbdbf1b227070bff3053fb97aac841f885751d36d7dac.md
  - docs/sdk/models/shared/discount.md
  - docs/sdk/models/shared/structure.md
  - docs/sdk/models/shared/company.md
  - docs/sdk/models/shared/companylinks.md
  - docs/sdk/models/shared/companyperson.md
  - docs/sdk/models/shared/address.md
  - docs/sdk/models/shared/userbyemailresponse.md
  - docs/sdk/models/shared/redacteduserstatus.md
  - docs/sdk/models/shared/redacteduser.md
  - docs/sdk/models/shared/useraccounttype.md
  - docs/sdk/models/shared/ninee97e63e736df301658ebeeab7f4fe84f3aeaa73800d3e4863801a3eb026df4b.md
  - docs/sdk/models/shared/f6f2bd1a2fc7bad4e0d8f22345fc5f6699d096b7797b93575869c544a4fc5cef.md
  - docs/sdk/models/shared/seventhousandninehundredandninetysixa6815c717c0e93865680b5cd47dec90314e97e4e7282bed7fc2f367bc051.md
  - docs/sdk/models/shared/locationresponse.md
  - docs/sdk/models/shared/invoicestatus.md
  - docs/sdk/models/shared/paymentreceiptwithcharge.md
  - docs/sdk/models/shared/chargestatus.md
  - docs/sdk/models/shared/charge.md
  - docs/sdk/models/shared/member.md
  - docs/sdk/models/shared/benefits.md
  - docs/sdk/models/shared/payments.md
  - docs/sdk/models/shared/servicestatus.md
  - docs/sdk/models/shared/bookkeepingproductsused.md
  - docs/sdk/models/shared/freelanceduration.md
  - docs/sdk/models/shared/freelancetype.md
  - docs/sdk/models/shared/industry.md
  - docs/sdk/models/shared/interests.md
  - docs/sdk/models/shared/productaspectimportance.md
  - docs/sdk/models/shared/productimportance.md
  - docs/sdk/models/shared/memberprofile.md
  - docs/sdk/models/shared/memberwithholdings.md
  - docs/sdk/models/shared/status.md
  - docs/sdk/models/shared/sixhundredandseventeenceb0bc24fcf187ab7e6b13633442b8671de98ff04917ce2c41034e5482b5f.md
  - docs/sdk/models/shared/memberprofilevisibilitymapaddress.md
  - docs/sdk/models/shared/memberprofilevisibilitymapphone.md
  - docs/sdk/models/shared/memberprofilevisibilitymap.md
  - docs/sdk/models/shared/tinverification.md
  - docs/sdk/models/shared/verificationstatestatus.md
  - docs/sdk/models/shared/verificationstate.md
  - docs/sdk/models/shared/filingcode.md
  - docs/sdk/models/shared/filingtype.md
  - docs/sdk/models/shared/membertaxinfo.md
  - docs/sdk/models/shared/memberoccupation.md
  - docs/sdk/models/shared/tinpreference.md
  - docs/sdk/models/shared/memberformw9options.md
  - docs/sdk/models/shared/memberadvocate.md
  - docs/sdk/models/shared/occupation.md
  - docs/sdk/models/shared/publicuserresponse.md
  - docs/sdk/models/shared/redactedmember.md
  - docs/sdk/models/shared/twentythreed776fc12e56286a20f36065e4f942c43a28218a62eb2f211116c130deb74eb.md
  - docs/sdk/models/shared/usertagresponse.md
  - docs/sdk/models/shared/clientupdaterequest.md
  - docs/sdk/models/shared/clientprofileupdate.md
  - docs/sdk/models/shared/paymentmethodupdate.md
  - docs/sdk/models/shared/memberupdaterequest.md
  - docs/sdk/models/shared/memberprofilewritebookkeepingproductsused.md
  - docs/sdk/models/shared/memberprofilewritefreelanceduration.md
  - docs/sdk/models/shared/memberprofilewritefreelancetype.md
  - docs/sdk/models/shared/memberprofilewriteindustry.md
  - docs/sdk/models/shared/memberprofilewriteinterests.md
  - docs/sdk/models/shared/memberprofilewriteproductaspectimportance.md
  - docs/sdk/models/shared/memberprofilewriteproductimportance.md
  - docs/sdk/models/shared/memberprofilewrite.md
  - docs/sdk/models/shared/companywritestructure.md
  - docs/sdk/models/shared/companywrite.md
  - docs/sdk/models/shared/companypersonwritemember.md
  - docs/sdk/models/shared/companypersonwrite.md
  - docs/sdk/models/shared/userupdaterequest.md
  - docs/sdk/models/shared/usercreaterequeststatus.md
  - docs/sdk/models/shared/usercreaterequest.md
  - docs/sdk/models/shared/clientcreaterequest.md
  - docs/sdk/models/shared/clientprofilecreate.md
  - docs/sdk/models/shared/membercreaterequest.md
  - docs/sdk/models/shared/usertype.md
  - docs/sdk/models/shared/passwordresetrequest.md
  - docs/sdk/models/shared/accountstatus.md
  - docs/sdk/models/shared/subtype.md
  - docs/sdk/models/shared/type.md
  - docs/sdk/models/shared/usage.md
  - docs/sdk/models/shared/account.md
  - docs/sdk/models/shared/accountpurpose.md
  - docs/sdk/models/shared/accountnumbers.md
  - docs/sdk/models/shared/sixhundredandsixtytwob4b108cbbf88d6c8da2cc52e8dc2fcc4e24449d66b34b20beeb55bad5790d.md
  - docs/sdk/models/shared/f8c6f82160a6fdfd5126819f1852fc694cb8161367b6d04413104146646d63fb.md
  - docs/sdk/models/shared/plaidexternalids.md
  - docs/sdk/models/shared/quickbooksaccountexternalids.md
  - docs/sdk/models/shared/accountevents.md
  - docs/sdk/models/shared/accountverificationstatus.md
  - docs/sdk/models/shared/accountverificationtype.md
  - docs/sdk/models/shared/accountverification.md
  - docs/sdk/models/shared/accountupdaterequeststatus.md
  - docs/sdk/models/shared/accountupdaterequestusage.md
  - docs/sdk/models/shared/accountupdaterequest.md
  - docs/sdk/models/shared/accountverificationrequesttype.md
  - docs/sdk/models/shared/accountverificationrequest.md
  - docs/sdk/models/shared/accountcreateresponse.md
  - docs/sdk/models/shared/accountcreaterequeststatus.md
  - docs/sdk/models/shared/accountcreaterequestsubtype.md
  - docs/sdk/models/shared/accountcreaterequesttype.md
  - docs/sdk/models/shared/accountcreaterequestusage.md
  - docs/sdk/models/shared/accountcreaterequest.md
  - docs/sdk/models/shared/linktokenresponse.md
  - docs/sdk/models/shared/linktokenrequest.md
  - docs/sdk/models/shared/accountrequirementsresponse.md
  - docs/sdk/models/shared/nineebbbc3cd350921a45b309ded4e5f141c39010cff4692acdd754cd0084136a62.md
  - docs/sdk/models/shared/accountrequirementsrequest.md
  - docs/sdk/models/shared/accountverifyrequesttype.md
  - docs/sdk/models/shared/accountverifyrequest.md
  - docs/sdk/models/shared/sevena01613108052d8f7b4782efc42c1c6198c318ddee48446943e5402df03118c4.md
  - docs/sdk/models/shared/guestaccountrequest.md
  - docs/sdk/models/shared/activity.md
  - docs/sdk/models/shared/flows.md
  - docs/sdk/models/shared/flowprogress.md
  - docs/sdk/models/shared/agreetoclienttermstodostatus.md
  - docs/sdk/models/shared/findfirstdeductibleexpensetodostatus.md
  - docs/sdk/models/shared/knowingcompanystructuretodostatus.md
  - docs/sdk/models/shared/watchtourvideotodostatus.md
  - docs/sdk/models/shared/activityevents.md
  - docs/sdk/models/shared/growthsource.md
  - docs/sdk/models/shared/activitycontexttype.md
  - docs/sdk/models/shared/activitycontext.md
  - docs/sdk/models/shared/context.md
  - docs/sdk/models/shared/events.md
  - docs/sdk/models/shared/activityupdaterequestflows.md
  - docs/sdk/models/shared/activityupdaterequest.md
  - docs/sdk/models/shared/activitycreaterequest.md
  - docs/sdk/models/shared/sessiontype.md
  - docs/sdk/models/shared/apisessionresponse.md
  - docs/sdk/models/shared/package.md
  - docs/sdk/models/shared/packagetier.md
  - docs/sdk/models/shared/grantedsubscriberresponsestatus.md
  - docs/sdk/models/shared/grantedsubscriberresponse.md
  - docs/sdk/models/shared/apisessionupdaterequest.md
  - docs/sdk/models/shared/completephoneverificationrequest.md
  - docs/sdk/models/shared/emailverificationresponsestatus.md
  - docs/sdk/models/shared/emailverificationresponse.md
  - docs/sdk/models/shared/completeemailverificationrequest.md
  - docs/sdk/models/shared/phoneverificationresponsestatus.md
  - docs/sdk/models/shared/phoneverificationresponse.md
  - docs/sdk/models/shared/sessionresponsesessiontype.md
  - docs/sdk/models/shared/sessionresponse.md
  - docs/sdk/models/shared/authenticationstrategy.md
  - docs/sdk/models/shared/authenticationrequestresponse.md
  - docs/sdk/models/shared/authenticationrequest.md
  - docs/sdk/models/shared/sessioncreaterequest.md
  - docs/sdk/models/shared/apisessioncreaterequest.md
  - docs/sdk/models/shared/otpsessioncreaterequestchannel.md
  - docs/sdk/models/shared/otpsessioncreaterequest.md
  - docs/sdk/models/shared/ssosessioncreaterequest.md
  - docs/sdk/models/shared/signinwithgooglerequest.md
  - docs/sdk/models/shared/beginemailverificationrequest.md
  - docs/sdk/models/shared/beginexistingemailverificationrequest.md
  - docs/sdk/models/shared/channel.md
  - docs/sdk/models/shared/beginphoneverificationrequest.md
  - docs/sdk/models/shared/authorizationresponseallowedaction.md
  - docs/sdk/models/shared/authorizationresponse.md
  - docs/sdk/models/shared/scopemodificationsmap.md
  - docs/sdk/models/shared/a24fdd81435ed05a57123a87880fde150a3466e9cd38875e4ecd540139f5e47d.md
  - docs/sdk/models/shared/action.md
  - docs/sdk/models/shared/comparator.md
  - docs/sdk/models/shared/scopemodification.md
  - docs/sdk/models/shared/bf168ad7d016496dfd65f4d4bc3208501a96ad4f4048d001e6ebdb3a4b8311b1.md
  - docs/sdk/models/shared/authorizedaccount.md
  - docs/sdk/models/shared/authorizationscopegroup.md
  - docs/sdk/models/shared/authorizationscopes.md
  - docs/sdk/models/shared/authorizationupdaterequestallowedaction.md
  - docs/sdk/models/shared/authorizationupdaterequest.md
  - docs/sdk/models/shared/allowedaction.md
  - docs/sdk/models/shared/authorizationcreaterequest.md
  - docs/sdk/models/shared/flatfileauthtokenresponse.md
  - docs/sdk/models/shared/flatfileauthtokenrequest.md
  - docs/sdk/models/shared/organizationuserassociationupdate.md
  - docs/sdk/models/shared/organizationuserassociation.md
  - docs/sdk/models/shared/subscriptiongrantresponsepackage.md
  - docs/sdk/models/shared/subscriptiongrantresponsepackagetier.md
  - docs/sdk/models/shared/subscriptiongrantresponsestatus.md
  - docs/sdk/models/shared/subscriptiongrantresponse.md
  - docs/sdk/models/shared/latestpaymentstatus.md
  - docs/sdk/models/shared/subscriptionpackage.md
  - docs/sdk/models/shared/subscriptionpackagetier.md
  - docs/sdk/models/shared/subscriptionstatus.md
  - docs/sdk/models/shared/subscriptionterm.md
  - docs/sdk/models/shared/subscription.md
  - docs/sdk/models/shared/scheduledchangepackage.md
  - docs/sdk/models/shared/scheduledchangepackagetier.md
  - docs/sdk/models/shared/scheduledchangestatus.md
  - docs/sdk/models/shared/scheduledchangeterm.md
  - docs/sdk/models/shared/scheduledchange.md
  - docs/sdk/models/shared/previouslybilledpackage.md
  - docs/sdk/models/shared/previouslybilledpackagetier.md
  - docs/sdk/models/shared/previouslybilledterm.md
  - docs/sdk/models/shared/previouslybilled.md
  - docs/sdk/models/shared/subscriptiongrantupdaterequestpackage.md
  - docs/sdk/models/shared/subscriptiongrantupdaterequestpackagetier.md
  - docs/sdk/models/shared/subscriptiongrantupdaterequest.md
  - docs/sdk/models/shared/subscriptionupdaterequestpackage.md
  - docs/sdk/models/shared/subscriptionupdaterequestpackagetier.md
  - docs/sdk/models/shared/subscriptionupdaterequestterm.md
  - docs/sdk/models/shared/subscriptionupdaterequest.md
  - docs/sdk/models/shared/subscriptiongrantcreaterequestpackage.md
  - docs/sdk/models/shared/subscriptiongrantcreaterequestpackagetier.md
  - docs/sdk/models/shared/subscriptiongrantcreaterequest.md
  - docs/sdk/models/shared/subscriptioncreaterequestpackage.md
  - docs/sdk/models/shared/subscriptioncreaterequestpackagetier.md
  - docs/sdk/models/shared/subscriptioncreaterequestterm.md
  - docs/sdk/models/shared/subscriptioncreaterequest.md
  - docs/sdk/models/shared/interval.md
  - docs/sdk/models/shared/plan.md
  - docs/sdk/models/shared/paymentmethodwriterequest.md
  - docs/sdk/models/shared/nextgensubscriptionresponsestatus.md
  - docs/sdk/models/shared/term.md
  - docs/sdk/models/shared/units.md
  - docs/sdk/models/shared/nextgensubscriptionresponse.md
  - docs/sdk/models/shared/nextgensubscriptionprice.md
  - docs/sdk/models/shared/skuid.md
  - docs/sdk/models/shared/partner.md
  - docs/sdk/models/shared/plantype.md
  - docs/sdk/models/shared/nextgensubscriptionplan.md
  - docs/sdk/models/shared/sixhundredandtwentynined384730e878960087338a314c3117c9abb8337ea9c58dda95ee9d8385a278.md
  - docs/sdk/models/shared/nextgensubscriptiondiscount.md
  - docs/sdk/models/shared/security.md
  - docs/sdks/users/README.md
  - docs/sdks/userandmembermanagement/README.md
  - docs/sdks/accountandbankingoperations/README.md
  - docs/sdks/activityandusagetracking/README.md
  - docs/sdks/sessionandauthentication/README.md
  - docs/sdks/authorizationandpermissions/README.md
  - docs/sdks/organizationaccountmanagement/README.md
  - docs/sdks/subscriptionandgrantsmanagement/README.md
  - docs/sdks/deprecated/README.md
  - docs/sdks/subscriptionmanagement/README.md
  - USAGE.md
  - .gitattributes
  - src/hooks/hooks.ts
  - src/hooks/types.ts
  - src/hooks/index.ts
